
Microsoft Visual Studio Solution File, Format Version 12.00
# Visual Studio Version 17
VisualStudioVersion = 17.0.31903.59
MinimumVisualStudioVersion = 10.0.40219.1
Project("{9A19103F-16F7-4668-BE54-9A1E7A4F7556}") = "TopStories.API", "TopStories.API\TopStories.API.csproj", "{96A478F1-DCA3-46BC-8E80-D1928E1E7F9E}"
EndProject
Project("{9A19103F-16F7-4668-BE54-9A1E7A4F7556}") = "TopStories.Common", "TopStories.Common\TopStories.Common.csproj", "{B80E24BA-8F7F-4AD5-A451-1A4CB772F3E3}"
EndProject
Project("{9A19103F-16F7-4668-BE54-9A1E7A4F7556}") = "TopStories.Services", "TopStories.Services\TopStories.Services.csproj", "{DA9A6C04-06E1-4181-B3B8-DBF03B9086AA}"
EndProject
Project("{FAE04EC0-301F-11D3-BF4B-00C04F79EFBC}") = "TopStories.Services.Tests", "TopStories.Services.Tests\TopStories.Services.Tests.csproj", "{17307DAA-BF84-4270-A1B8-E531759EC5BD}"
EndProject
Project("{FAE04EC0-301F-11D3-BF4B-00C04F79EFBC}") = "TopStories.API.Tests", "TopStories.API.Tests\TopStories.API.Tests.csproj", "{F9A41CD2-CB38-458A-B512-937E38C1580D}"
	ProjectSection(ProjectDependencies) = postProject
		{96A478F1-DCA3-46BC-8E80-D1928E1E7F9E} = {96A478F1-DCA3-46BC-8E80-D1928E1E7F9E}
		{B80E24BA-8F7F-4AD5-A451-1A4CB772F3E3} = {B80E24BA-8F7F-4AD5-A451-1A4CB772F3E3}
		{DA9A6C04-06E1-4181-B3B8-DBF03B9086AA} = {DA9A6C04-06E1-4181-B3B8-DBF03B9086AA}
	EndProjectSection
EndProject
Project("{2150E333-8FDC-42A3-9474-1A3956D46DE8}") = "Tests", "Tests", "{2D4212E4-66EC-456E-81BB-9ABB59ECF1D3}"
EndProject
Global
	GlobalSection(SolutionConfigurationPlatforms) = preSolution
		Debug|Any CPU = Debug|Any CPU
		Release|Any CPU = Release|Any CPU
	EndGlobalSection
	GlobalSection(ProjectConfigurationPlatforms) = postSolution
		{96A478F1-DCA3-46BC-8E80-D1928E1E7F9E}.Debug|Any CPU.ActiveCfg = Debug|Any CPU
		{96A478F1-DCA3-46BC-8E80-D1928E1E7F9E}.Debug|Any CPU.Build.0 = Debug|Any CPU
		{96A478F1-DCA3-46BC-8E80-D1928E1E7F9E}.Release|Any CPU.ActiveCfg = Release|Any CPU
		{96A478F1-DCA3-46BC-8E80-D1928E1E7F9E}.Release|Any CPU.Build.0 = Release|Any CPU
		{B80E24BA-8F7F-4AD5-A451-1A4CB772F3E3}.Debug|Any CPU.ActiveCfg = Debug|Any CPU
		{B80E24BA-8F7F-4AD5-A451-1A4CB772F3E3}.Debug|Any CPU.Build.0 = Debug|Any CPU
		{B80E24BA-8F7F-4AD5-A451-1A4CB772F3E3}.Release|Any CPU.ActiveCfg = Release|Any CPU
		{B80E24BA-8F7F-4AD5-A451-1A4CB772F3E3}.Release|Any CPU.Build.0 = Release|Any CPU
		{DA9A6C04-06E1-4181-B3B8-DBF03B9086AA}.Debug|Any CPU.ActiveCfg = Debug|Any CPU
		{DA9A6C04-06E1-4181-B3B8-DBF03B9086AA}.Debug|Any CPU.Build.0 = Debug|Any CPU
		{DA9A6C04-06E1-4181-B3B8-DBF03B9086AA}.Release|Any CPU.ActiveCfg = Release|Any CPU
		{DA9A6C04-06E1-4181-B3B8-DBF03B9086AA}.Release|Any CPU.Build.0 = Release|Any CPU
		{17307DAA-BF84-4270-A1B8-E531759EC5BD}.Debug|Any CPU.ActiveCfg = Debug|Any CPU
		{17307DAA-BF84-4270-A1B8-E531759EC5BD}.Debug|Any CPU.Build.0 = Debug|Any CPU
		{17307DAA-BF84-4270-A1B8-E531759EC5BD}.Release|Any CPU.ActiveCfg = Release|Any CPU
		{17307DAA-BF84-4270-A1B8-E531759EC5BD}.Release|Any CPU.Build.0 = Release|Any CPU
		{F9A41CD2-CB38-458A-B512-937E38C1580D}.Debug|Any CPU.ActiveCfg = Debug|Any CPU
		{F9A41CD2-CB38-458A-B512-937E38C1580D}.Debug|Any CPU.Build.0 = Debug|Any CPU
		{F9A41CD2-CB38-458A-B512-937E38C1580D}.Release|Any CPU.ActiveCfg = Release|Any CPU
		{F9A41CD2-CB38-458A-B512-937E38C1580D}.Release|Any CPU.Build.0 = Release|Any CPU
	EndGlobalSection
	GlobalSection(SolutionProperties) = preSolution
		HideSolutionNode = FALSE
	EndGlobalSection
	GlobalSection(NestedProjects) = preSolution
		{17307DAA-BF84-4270-A1B8-E531759EC5BD} = {2D4212E4-66EC-456E-81BB-9ABB59ECF1D3}
		{F9A41CD2-CB38-458A-B512-937E38C1580D} = {2D4212E4-66EC-456E-81BB-9ABB59ECF1D3}
	EndGlobalSection
	GlobalSection(ExtensibilityGlobals) = postSolution
		SolutionGuid = {733C2AE8-065B-4C59-84BC-D1C3BBC95101}
	EndGlobalSection
EndGlobal
